id: total-retail-turnover-block
questions:
- answers:
  - alias: total_turnover
    description: "Round to the nearest (\xA3) pound. Do not  include pence"
    id: total-retail-turnover-answer
    label: Total retail turnover
    mandatory: true
    options: []
    q_code: '20'
    type: Currency
    validation:
      messages:
        NUMBER_TOO_LARGE: The maximum value allowed is 9999999999. Please correct
          your answer.
        MANDATORY: Please provide a value, even if your value is 0.
        NUMBER_TOO_SMALL: The value cannot be negative. Please correct your answer.
        INVALID_NUMBER: Please only enter whole numbers into the field.
  description: ''
  guidance:
    content:
    - list:
      - VAT
      - internet sales
      title: Include
    - list:
      - revenue from mobile phone network commission and top-up
      - sales from catering facilities used by customers
      - lottery sales and commission from lottery sales
      - sales of car accessories and motor vehicles
      - NHS receipts
      title: Exclude
  id: total-turnover-question
  title: "For the period {{answers.period_from|format_str_as_date}} to {{answers.period_to|format_str_as_date}},\
    \ what was the value of {{respondent.trad_as_or_ru_name}}\u2019s <em>total retail\
    \ turnover</em>?"
  type: General
type: Questionnaire
